// !$*UTF8*$!
{
	archiveVersion = 1;
	classes = {
	};
	objectVersion = 55;
	objects = {

/* Begin PBXBuildFile section */
		B62945BB2A18A2A100283CAB /* CategoryHome.swift in Sources */ = {isa = PBXBuildFile; fileRef = B62945BA2A18A2A000283CAB /* CategoryHome.swift */; };
		B62945BD2A18A5CE00283CAB /* CategoryRow.swift in Sources */ = {isa = PBXBuildFile; fileRef = B62945BC2A18A5CE00283CAB /* CategoryRow.swift */; };
		B62945BF2A18A83400283CAB /* CategoryItem.swift in Sources */ = {isa = PBXBuildFile; fileRef = B62945BE2A18A83400283CAB /* CategoryItem.swift */; };
		B62945C12A18ADC000283CAB /* Profile.swift in Sources */ = {isa = PBXBuildFile; fileRef = B62945C02A18ADC000283CAB /* Profile.swift */; };
		B62945C42A18AF2400283CAB /* ProfileHost.swift in Sources */ = {isa = PBXBuildFile; fileRef = B62945C32A18AF2400283CAB /* ProfileHost.swift */; };
		B62945C62A18AFA600283CAB /* ProfileSummary.swift in Sources */ = {isa = PBXBuildFile; fileRef = B62945C52A18AFA600283CAB /* ProfileSummary.swift */; };
		B62945C82A18B28400283CAB /* HikeBadge.swift in Sources */ = {isa = PBXBuildFile; fileRef = B62945C72A18B28400283CAB /* HikeBadge.swift */; };
		B65FCE832A16682B00238D91 /* ModelData.swift in Sources */ = {isa = PBXBuildFile; fileRef = B65FCE822A16682B00238D91 /* ModelData.swift */; };
		B65FCE882A166A9300238D91 /* LandmarkRow.swift in Sources */ = {isa = PBXBuildFile; fileRef = B65FCE872A166A9300238D91 /* LandmarkRow.swift */; };
		B65FCE8A2A166EDC00238D91 /* LandmarkList.swift in Sources */ = {isa = PBXBuildFile; fileRef = B65FCE892A166EDC00238D91 /* LandmarkList.swift */; };
		B65FCE8C2A166FEC00238D91 /* LandmarkDetail.swift in Sources */ = {isa = PBXBuildFile; fileRef = B65FCE8B2A166FEC00238D91 /* LandmarkDetail.swift */; };
		B65FCE8E2A16834300238D91 /* FavoriteButton.swift in Sources */ = {isa = PBXBuildFile; fileRef = B65FCE8D2A16834300238D91 /* FavoriteButton.swift */; };
		B664DA232A173DEB00C1E1C3 /* HexagonParameters.swift in Sources */ = {isa = PBXBuildFile; fileRef = B664DA222A173DEB00C1E1C3 /* HexagonParameters.swift */; };
		B664DA252A1742F900C1E1C3 /* BadgeBackground.swift in Sources */ = {isa = PBXBuildFile; fileRef = B664DA242A1742F900C1E1C3 /* BadgeBackground.swift */; };
		B664DA272A174BC400C1E1C3 /* BadgeSymbol.swift in Sources */ = {isa = PBXBuildFile; fileRef = B664DA262A174BC400C1E1C3 /* BadgeSymbol.swift */; };
		B6A1A63C2A18BF3A005DCC45 /* ProfileEditor.swift in Sources */ = {isa = PBXBuildFile; fileRef = B6A1A63B2A18BF3A005DCC45 /* ProfileEditor.swift */; };
		B6AD8E612A175BB50019208E /* RotatedBadgeSymbol.swift in Sources */ = {isa = PBXBuildFile; fileRef = B6AD8E602A175BB50019208E /* RotatedBadgeSymbol.swift */; };
		B6AD8E632A175C4C0019208E /* Badge.swift in Sources */ = {isa = PBXBuildFile; fileRef = B6AD8E622A175C4C0019208E /* Badge.swift */; };
		B6AD8E662A1764FB0019208E /* hikeData.json in Resources */ = {isa = PBXBuildFile; fileRef = B6AD8E652A1764FB0019208E /* hikeData.json */; };
		B6AD8E682A1766700019208E /* Hike.swift in Sources */ = {isa = PBXBuildFile; fileRef = B6AD8E672A1766700019208E /* Hike.swift */; };
		B6AD8E6B2A17682C0019208E /* HikeView.swift in Sources */ = {isa = PBXBuildFile; fileRef = B6AD8E6A2A17682C0019208E /* HikeView.swift */; };
		B6AD8E6D2A1769030019208E /* HikeGraph.swift in Sources */ = {isa = PBXBuildFile; fileRef = B6AD8E6C2A1769020019208E /* HikeGraph.swift */; };
		B6AD8E6F2A17694E0019208E /* HikeDetail.swift in Sources */ = {isa = PBXBuildFile; fileRef = B6AD8E6E2A17694E0019208E /* HikeDetail.swift */; };
		B6AD8E712A1769640019208E /* GraphCapsule.swift in Sources */ = {isa = PBXBuildFile; fileRef = B6AD8E702A1769640019208E /* GraphCapsule.swift */; };
		B6B0D0D82A161732000C1AF7 /* LandmarksApp.swift in Sources */ = {isa = PBXBuildFile; fileRef = B6B0D0D72A161732000C1AF7 /* LandmarksApp.swift */; };
		B6B0D0DA2A161732000C1AF7 /* ContentView.swift in Sources */ = {isa = PBXBuildFile; fileRef = B6B0D0D92A161732000C1AF7 /* ContentView.swift */; };
		B6B0D0DC2A16176D000C1AF7 /* Assets.xcassets in Resources */ = {isa = PBXBuildFile; fileRef = B6B0D0DB2A16176D000C1AF7 /* Assets.xcassets */; };
		B6B0D0DF2A16176D000C1AF7 /* Preview Assets.xcassets in Resources */ = {isa = PBXBuildFile; fileRef = B6B0D0DE2A16176D000C1AF7 /* Preview Assets.xcassets */; };
		B6B0D0E62A162092000C1AF7 /* CircleImage.swift in Sources */ = {isa = PBXBuildFile; fileRef = B6B0D0E52A162092000C1AF7 /* CircleImage.swift */; };
		B6B0D0E82A16213A000C1AF7 /* MapView.swift in Sources */ = {isa = PBXBuildFile; fileRef = B6B0D0E72A16213A000C1AF7 /* MapView.swift */; };
		B6B0D0EC2A16253F000C1AF7 /* landmarkData.json in Resources */ = {isa = PBXBuildFile; fileRef = B6B0D0EB2A16253E000C1AF7 /* landmarkData.json */; };
		B6B0D0EE2A162563000C1AF7 /* Landmark.swift in Sources */ = {isa = PBXBuildFile; fileRef = B6B0D0ED2A162563000C1AF7 /* Landmark.swift */; };
/* End PBXBuildFile section */

/* Begin PBXFileReference section */
		B62945BA2A18A2A000283CAB /* CategoryHome.swift */ = {isa = PBXFileReference; lastKnownFileType = sourcecode.swift; path = CategoryHome.swift; sourceTree = "<group>"; };
		B62945BC2A18A5CE00283CAB /* CategoryRow.swift */ = {isa = PBXFileReference; lastKnownFileType = sourcecode.swift; path = CategoryRow.swift; sourceTree = "<group>"; };
		B62945BE2A18A83400283CAB /* CategoryItem.swift */ = {isa = PBXFileReference; lastKnownFileType = sourcecode.swift; path = CategoryItem.swift; sourceTree = "<group>"; };
		B62945C02A18ADC000283CAB /* Profile.swift */ = {isa = PBXFileReference; lastKnownFileType = sourcecode.swift; path = Profile.swift; sourceTree = "<group>"; };
		B62945C32A18AF2400283CAB /* ProfileHost.swift */ = {isa = PBXFileReference; lastKnownFileType = sourcecode.swift; path = ProfileHost.swift; sourceTree = "<group>"; };
		B62945C52A18AFA600283CAB /* ProfileSummary.swift */ = {isa = PBXFileReference; lastKnownFileType = sourcecode.swift; path = ProfileSummary.swift; sourceTree = "<group>"; };
		B62945C72A18B28400283CAB /* HikeBadge.swift */ = {isa = PBXFileReference; lastKnownFileType = sourcecode.swift; path = HikeBadge.swift; sourceTree = "<group>"; };
		B65FCE822A16682B00238D91 /* ModelData.swift */ = {isa = PBXFileReference; lastKnownFileType = sourcecode.swift; path = ModelData.swift; sourceTree = "<group>"; };
		B65FCE872A166A9300238D91 /* LandmarkRow.swift */ = {isa = PBXFileReference; lastKnownFileType = sourcecode.swift; path = LandmarkRow.swift; sourceTree = "<group>"; };
		B65FCE892A166EDC00238D91 /* LandmarkList.swift */ = {isa = PBXFileReference; lastKnownFileType = sourcecode.swift; path = LandmarkList.swift; sourceTree = "<group>"; };
		B65FCE8B2A166FEC00238D91 /* LandmarkDetail.swift */ = {isa = PBXFileReference; lastKnownFileType = sourcecode.swift; path = LandmarkDetail.swift; sourceTree = "<group>"; };
		B65FCE8D2A16834300238D91 /* FavoriteButton.swift */ = {isa = PBXFileReference; lastKnownFileType = sourcecode.swift; path = FavoriteButton.swift; sourceTree = "<group>"; };
		B664DA222A173DEB00C1E1C3 /* HexagonParameters.swift */ = {isa = PBXFileReference; lastKnownFileType = sourcecode.swift; path = HexagonParameters.swift; sourceTree = "<group>"; };
		B664DA242A1742F900C1E1C3 /* BadgeBackground.swift */ = {isa = PBXFileReference; lastKnownFileType = sourcecode.swift; path = BadgeBackground.swift; sourceTree = "<group>"; };
		B664DA262A174BC400C1E1C3 /* BadgeSymbol.swift */ = {isa = PBXFileReference; lastKnownFileType = sourcecode.swift; path = BadgeSymbol.swift; sourceTree = "<group>"; };
		B6A1A63B2A18BF3A005DCC45 /* ProfileEditor.swift */ = {isa = PBXFileReference; lastKnownFileType = sourcecode.swift; path = ProfileEditor.swift; sourceTree = "<group>"; };
		B6AD8E602A175BB50019208E /* RotatedBadgeSymbol.swift */ = {isa = PBXFileReference; lastKnownFileType = sourcecode.swift; path = RotatedBadgeSymbol.swift; sourceTree = "<group>"; };
		B6AD8E622A175C4C0019208E /* Badge.swift */ = {isa = PBXFileReference; lastKnownFileType = sourcecode.swift; path = Badge.swift; sourceTree = "<group>"; };
		B6AD8E652A1764FB0019208E /* hikeData.json */ = {isa = PBXFileReference; fileEncoding = 4; lastKnownFileType = text.json; path = hikeData.json; sourceTree = "<group>"; };
		B6AD8E672A1766700019208E /* Hike.swift */ = {isa = PBXFileReference; lastKnownFileType = sourcecode.swift; path = Hike.swift; sourceTree = "<group>"; };
		B6AD8E6A2A17682C0019208E /* HikeView.swift */ = {isa = PBXFileReference; lastKnownFileType = sourcecode.swift; path = HikeView.swift; sourceTree = "<group>"; };
		B6AD8E6C2A1769020019208E /* HikeGraph.swift */ = {isa = PBXFileReference; lastKnownFileType = sourcecode.swift; path = HikeGraph.swift; sourceTree = "<group>"; };
		B6AD8E6E2A17694E0019208E /* HikeDetail.swift */ = {isa = PBXFileReference; lastKnownFileType = sourcecode.swift; path = HikeDetail.swift; sourceTree = "<group>"; };
		B6AD8E702A1769640019208E /* GraphCapsule.swift */ = {isa = PBXFileReference; lastKnownFileType = sourcecode.swift; path = GraphCapsule.swift; sourceTree = "<group>"; };
		B6B0D0D42A161732000C1AF7 /* Landmarks.app */ = {isa = PBXFileReference; explicitFileType = wrapper.application; includeInIndex = 0; path = Landmarks.app; sourceTree = BUILT_PRODUCTS_DIR; };
		B6B0D0D72A161732000C1AF7 /* LandmarksApp.swift */ = {isa = PBXFileReference; lastKnownFileType = sourcecode.swift; path = LandmarksApp.swift; sourceTree = "<group>"; };
		B6B0D0D92A161732000C1AF7 /* ContentView.swift */ = {isa = PBXFileReference; lastKnownFileType = sourcecode.swift; path = ContentView.swift; sourceTree = "<group>"; };
		B6B0D0DB2A16176D000C1AF7 /* Assets.xcassets */ = {isa = PBXFileReference; lastKnownFileType = folder.assetcatalog; path = Assets.xcassets; sourceTree = "<group>"; };
		B6B0D0DE2A16176D000C1AF7 /* Preview Assets.xcassets */ = {isa = PBXFileReference; lastKnownFileType = folder.assetcatalog; path = "Preview Assets.xcassets"; sourceTree = "<group>"; };
		B6B0D0E52A162092000C1AF7 /* CircleImage.swift */ = {isa = PBXFileReference; lastKnownFileType = sourcecode.swift; path = CircleImage.swift; sourceTree = "<group>"; };
		B6B0D0E72A16213A000C1AF7 /* MapView.swift */ = {isa = PBXFileReference; lastKnownFileType = sourcecode.swift; path = MapView.swift; sourceTree = "<group>"; };
		B6B0D0EB2A16253E000C1AF7 /* landmarkData.json */ = {isa = PBXFileReference; fileEncoding = 4; lastKnownFileType = text.json; path = landmarkData.json; sourceTree = "<group>"; };
		B6B0D0ED2A162563000C1AF7 /* Landmark.swift */ = {isa = PBXFileReference; lastKnownFileType = sourcecode.swift; path = Landmark.swift; sourceTree = "<group>"; };
/* End PBXFileReference section */

/* Begin PBXFrameworksBuildPhase section */
		B6B0D0D12A161731000C1AF7 /* Frameworks */ = {
			isa = PBXFrameworksBuildPhase;
			buildActionMask = 2147483647;
			files = (
			);
			runOnlyForDeploymentPostprocessing = 0;
		};
/* End PBXFrameworksBuildPhase section */

/* Begin PBXGroup section */
		B62945B92A18A1FD00283CAB /* Categories */ = {
			isa = PBXGroup;
			children = (
				B62945BA2A18A2A000283CAB /* CategoryHome.swift */,
				B62945BC2A18A5CE00283CAB /* CategoryRow.swift */,
				B62945BE2A18A83400283CAB /* CategoryItem.swift */,
			);
			path = Categories;
			sourceTree = "<group>";
		};
		B62945C22A18AEDB00283CAB /* Profiles */ = {
			isa = PBXGroup;
			children = (
				B62945C32A18AF2400283CAB /* ProfileHost.swift */,
				B62945C52A18AFA600283CAB /* ProfileSummary.swift */,
				B6A1A63B2A18BF3A005DCC45 /* ProfileEditor.swift */,
			);
			path = Profiles;
			sourceTree = "<group>";
		};
		B65FCE842A166A3A00238D91 /* Views */ = {
			isa = PBXGroup;
			children = (
				B6B0D0D92A161732000C1AF7 /* ContentView.swift */,
				B65FCE8F2A16841D00238D91 /* Landmarks */,
				B6AD8E642A175F2B0019208E /* Badges */,
				B65FCE902A16843600238D91 /* Helpers */,
				B6AD8E692A1767D80019208E /* Hikes */,
				B62945B92A18A1FD00283CAB /* Categories */,
				B62945C22A18AEDB00283CAB /* Profiles */,
			);
			path = Views;
			sourceTree = "<group>";
		};
		B65FCE852A166A4C00238D91 /* Model */ = {
			isa = PBXGroup;
			children = (
				B65FCE822A16682B00238D91 /* ModelData.swift */,
				B6B0D0ED2A162563000C1AF7 /* Landmark.swift */,
				B6AD8E672A1766700019208E /* Hike.swift */,
				B62945C02A18ADC000283CAB /* Profile.swift */,
			);
			path = Model;
			sourceTree = "<group>";
		};
		B65FCE862A166A5F00238D91 /* Resources */ = {
			isa = PBXGroup;
			children = (
				B6B0D0EB2A16253E000C1AF7 /* landmarkData.json */,
				B6AD8E652A1764FB0019208E /* hikeData.json */,
			);
			path = Resources;
			sourceTree = "<group>";
		};
		B65FCE8F2A16841D00238D91 /* Landmarks */ = {
			isa = PBXGroup;
			children = (
				B65FCE892A166EDC00238D91 /* LandmarkList.swift */,
				B65FCE872A166A9300238D91 /* LandmarkRow.swift */,
				B65FCE8B2A166FEC00238D91 /* LandmarkDetail.swift */,
			);
			path = Landmarks;
			sourceTree = "<group>";
		};
		B65FCE902A16843600238D91 /* Helpers */ = {
			isa = PBXGroup;
			children = (
				B6B0D0E52A162092000C1AF7 /* CircleImage.swift */,
				B6B0D0E72A16213A000C1AF7 /* MapView.swift */,
				B65FCE8D2A16834300238D91 /* FavoriteButton.swift */,
			);
			path = Helpers;
			sourceTree = "<group>";
		};
		B6AD8E642A175F2B0019208E /* Badges */ = {
			isa = PBXGroup;
			children = (
				B6AD8E622A175C4C0019208E /* Badge.swift */,
				B664DA242A1742F900C1E1C3 /* BadgeBackground.swift */,
				B664DA262A174BC400C1E1C3 /* BadgeSymbol.swift */,
				B6AD8E602A175BB50019208E /* RotatedBadgeSymbol.swift */,
				B664DA222A173DEB00C1E1C3 /* HexagonParameters.swift */,
				B62945C72A18B28400283CAB /* HikeBadge.swift */,
			);
			path = Badges;
			sourceTree = "<group>";
		};
		B6AD8E692A1767D80019208E /* Hikes */ = {
			isa = PBXGroup;
			children = (
				B6AD8E6A2A17682C0019208E /* HikeView.swift */,
				B6AD8E6E2A17694E0019208E /* HikeDetail.swift */,
				B6AD8E6C2A1769020019208E /* HikeGraph.swift */,
				B6AD8E702A1769640019208E /* GraphCapsule.swift */,
			);
			path = Hikes;
			sourceTree = "<group>";
		};
		B6B0D0CB2A16172F000C1AF7 = {
			isa = PBXGroup;
			children = (
				B6B0D0D62A161732000C1AF7 /* Landmarks */,
				B6B0D0D52A161732000C1AF7 /* Products */,
			);
			sourceTree = "<group>";
		};
		B6B0D0D52A161732000C1AF7 /* Products */ = {
			isa = PBXGroup;
			children = (
				B6B0D0D42A161732000C1AF7 /* Landmarks.app */,
			);
			name = Products;
			sourceTree = "<group>";
		};
		B6B0D0D62A161732000C1AF7 /* Landmarks */ = {
			isa = PBXGroup;
			children = (
				B6B0D0D72A161732000C1AF7 /* LandmarksApp.swift */,
				B65FCE842A166A3A00238D91 /* Views */,
				B65FCE852A166A4C00238D91 /* Model */,
				B65FCE862A166A5F00238D91 /* Resources */,
				B6B0D0DB2A16176D000C1AF7 /* Assets.xcassets */,
				B6B0D0DD2A16176D000C1AF7 /* Preview Content */,
			);
			path = Landmarks;
			sourceTree = "<group>";
		};
		B6B0D0DD2A16176D000C1AF7 /* Preview Content */ = {
			isa = PBXGroup;
			children = (
				B6B0D0DE2A16176D000C1AF7 /* Preview Assets.xcassets */,
			);
			path = "Preview Content";
			sourceTree = "<group>";
		};
/* End PBXGroup section */

/* Begin PBXNativeTarget section */
		B6B0D0D32A161731000C1AF7 /* Landmarks */ = {
			isa = PBXNativeTarget;
			buildConfigurationList = B6B0D0E22A16176D000C1AF7 /* Build configuration list for PBXNativeTarget "Landmarks" */;
			buildPhases = (
				B6B0D0D02A161731000C1AF7 /* Sources */,
				B6B0D0D12A161731000C1AF7 /* Frameworks */,
				B6B0D0D22A161731000C1AF7 /* Resources */,
			);
			buildRules = (
			);
			dependencies = (
			);
			name = Landmarks;
			productName = Landmarks;
			productReference = B6B0D0D42A161732000C1AF7 /* Landmarks.app */;
			productType = "com.apple.product-type.application";
		};
/* End PBXNativeTarget section */

/* Begin PBXProject section */
		B6B0D0CC2A16172F000C1AF7 /* Project object */ = {
			isa = PBXProject;
			attributes = {
				BuildIndependentTargetsInParallel = 1;
				LastSwiftUpdateCheck = 1310;
				LastUpgradeCheck = 1310;
				TargetAttributes = {
					B6B0D0D32A161731000C1AF7 = {
						CreatedOnToolsVersion = 13.1;
					};
				};
			};
			buildConfigurationList = B6B0D0CF2A16172F000C1AF7 /* Build configuration list for PBXProject "Landmarks" */;
			compatibilityVersion = "Xcode 13.0";
			developmentRegion = en;
			hasScannedForEncodings = 0;
			knownRegions = (
				en,
				Base,
			);
			mainGroup = B6B0D0CB2A16172F000C1AF7;
			productRefGroup = B6B0D0D52A161732000C1AF7 /* Products */;
			projectDirPath = "";
			projectRoot = "";
			targets = (
				B6B0D0D32A161731000C1AF7 /* Landmarks */,
			);
		};
/* End PBXProject section */

/* Begin PBXResourcesBuildPhase section */
		B6B0D0D22A161731000C1AF7 /* Resources */ = {
			isa = PBXResourcesBuildPhase;
			buildActionMask = 2147483647;
			files = (
				B6AD8E662A1764FB0019208E /* hikeData.json in Resources */,
				B6B0D0DF2A16176D000C1AF7 /* Preview Assets.xcassets in Resources */,
				B6B0D0DC2A16176D000C1AF7 /* Assets.xcassets in Resources */,
				B6B0D0EC2A16253F000C1AF7 /* landmarkData.json in Resources */,
			);
			runOnlyForDeploymentPostprocessing = 0;
		};
/* End PBXResourcesBuildPhase section */

/* Begin PBXSourcesBuildPhase section */
		B6B0D0D02A161731000C1AF7 /* Sources */ = {
			isa = PBXSourcesBuildPhase;
			buildActionMask = 2147483647;
			files = (
				B62945BD2A18A5CE00283CAB /* CategoryRow.swift in Sources */,
				B62945C12A18ADC000283CAB /* Profile.swift in Sources */,
				B6AD8E712A1769640019208E /* GraphCapsule.swift in Sources */,
				B62945BB2A18A2A100283CAB /* CategoryHome.swift in Sources */,
				B6B0D0DA2A161732000C1AF7 /* ContentView.swift in Sources */,
				B6AD8E6D2A1769030019208E /* HikeGraph.swift in Sources */,
				B6AD8E632A175C4C0019208E /* Badge.swift in Sources */,
				B6B0D0E82A16213A000C1AF7 /* MapView.swift in Sources */,
				B6B0D0D82A161732000C1AF7 /* LandmarksApp.swift in Sources */,
				B65FCE8E2A16834300238D91 /* FavoriteButton.swift in Sources */,
				B62945BF2A18A83400283CAB /* CategoryItem.swift in Sources */,
				B6AD8E6B2A17682C0019208E /* HikeView.swift in Sources */,
				B62945C62A18AFA600283CAB /* ProfileSummary.swift in Sources */,
				B6AD8E6F2A17694E0019208E /* HikeDetail.swift in Sources */,
				B62945C42A18AF2400283CAB /* ProfileHost.swift in Sources */,
				B664DA232A173DEB00C1E1C3 /* HexagonParameters.swift in Sources */,
				B6AD8E682A1766700019208E /* Hike.swift in Sources */,
				B6AD8E612A175BB50019208E /* RotatedBadgeSymbol.swift in Sources */,
				B6A1A63C2A18BF3A005DCC45 /* ProfileEditor.swift in Sources */,
				B664DA272A174BC400C1E1C3 /* BadgeSymbol.swift in Sources */,
				B65FCE8A2A166EDC00238D91 /* LandmarkList.swift in Sources */,
				B65FCE8C2A166FEC00238D91 /* LandmarkDetail.swift in Sources */,
				B664DA252A1742F900C1E1C3 /* BadgeBackground.swift in Sources */,
				B62945C82A18B28400283CAB /* HikeBadge.swift in Sources */,
				B6B0D0E62A162092000C1AF7 /* CircleImage.swift in Sources */,
				B6B0D0EE2A162563000C1AF7 /* Landmark.swift in Sources */,
				B65FCE882A166A9300238D91 /* LandmarkRow.swift in Sources */,
				B65FCE832A16682B00238D91 /* ModelData.swift in Sources */,
			);
			runOnlyForDeploymentPostprocessing = 0;
		};
/* End PBXSourcesBuildPhase section */

/* Begin XCBuildConfiguration section */
		B6B0D0E02A16176D000C1AF7 /* Debug */ = {
			isa = XCBuildConfiguration;
			buildSettings = {
				ALWAYS_SEARCH_USER_PATHS = NO;
				CLANG_ANALYZER_NONNULL = YES;
				CLANG_ANALYZER_NUMBER_OBJECT_CONVERSION = YES_AGGRESSIVE;
				CLANG_CXX_LANGUAGE_STANDARD = "gnu++17";
				CLANG_CXX_LIBRARY = "libc++";
				CLANG_ENABLE_MODULES = YES;
				CLANG_ENABLE_OBJC_ARC = YES;
				CLANG_ENABLE_OBJC_WEAK = YES;
				CLANG_WARN_BLOCK_CAPTURE_AUTORELEASING = YES;
				CLANG_WARN_BOOL_CONVERSION = YES;
				CLANG_WARN_COMMA = YES;
				CLANG_WARN_CONSTANT_CONVERSION = YES;
				CLANG_WARN_DEPRECATED_OBJC_IMPLEMENTATIONS = YES;
				CLANG_WARN_DIRECT_OBJC_ISA_USAGE = YES_ERROR;
				CLANG_WARN_DOCUMENTATION_COMMENTS = YES;
				CLANG_WARN_EMPTY_BODY = YES;
				CLANG_WARN_ENUM_CONVERSION = YES;
				CLANG_WARN_INFINITE_RECURSION = YES;
				CLANG_WARN_INT_CONVERSION = YES;
				CLANG_WARN_NON_LITERAL_NULL_CONVERSION = YES;
				CLANG_WARN_OBJC_IMPLICIT_RETAIN_SELF = YES;
				CLANG_WARN_OBJC_LITERAL_CONVERSION = YES;
				CLANG_WARN_OBJC_ROOT_CLASS = YES_ERROR;
				CLANG_WARN_QUOTED_INCLUDE_IN_FRAMEWORK_HEADER = YES;
				CLANG_WARN_RANGE_LOOP_ANALYSIS = YES;
				CLANG_WARN_STRICT_PROTOTYPES = YES;
				CLANG_WARN_SUSPICIOUS_MOVE = YES;
				CLANG_WARN_UNGUARDED_AVAILABILITY = YES_AGGRESSIVE;
				CLANG_WARN_UNREACHABLE_CODE = YES;
				CLANG_WARN__DUPLICATE_METHOD_MATCH = YES;
				COPY_PHASE_STRIP = NO;
				DEBUG_INFORMATION_FORMAT = dwarf;
				ENABLE_STRICT_OBJC_MSGSEND = YES;
				ENABLE_TESTABILITY = YES;
				GCC_C_LANGUAGE_STANDARD = gnu11;
				GCC_DYNAMIC_NO_PIC = NO;
				GCC_NO_COMMON_BLOCKS = YES;
				GCC_OPTIMIZATION_LEVEL = 0;
				GCC_PREPROCESSOR_DEFINITIONS = (
					"DEBUG=1",
					"$(inherited)",
				);
				GCC_WARN_64_TO_32_BIT_CONVERSION = YES;
				GCC_WARN_ABOUT_RETURN_TYPE = YES_ERROR;
				GCC_WARN_UNDECLARED_SELECTOR = YES;
				GCC_WARN_UNINITIALIZED_AUTOS = YES_AGGRESSIVE;
				GCC_WARN_UNUSED_FUNCTION = YES;
				GCC_WARN_UNUSED_VARIABLE = YES;
				IPHONEOS_DEPLOYMENT_TARGET = 15.0;
				MTL_ENABLE_DEBUG_INFO = INCLUDE_SOURCE;
				MTL_FAST_MATH = YES;
				ONLY_ACTIVE_ARCH = YES;
				SDKROOT = iphoneos;
				SWIFT_ACTIVE_COMPILATION_CONDITIONS = DEBUG;
				SWIFT_OPTIMIZATION_LEVEL = "-Onone";
			};
			name = Debug;
		};
		B6B0D0E12A16176D000C1AF7 /* Release */ = {
			isa = XCBuildConfiguration;
			buildSettings = {
				ALWAYS_SEARCH_USER_PATHS = NO;
				CLANG_ANALYZER_NONNULL = YES;
				CLANG_ANALYZER_NUMBER_OBJECT_CONVERSION = YES_AGGRESSIVE;
				CLANG_CXX_LANGUAGE_STANDARD = "gnu++17";
				CLANG_CXX_LIBRARY = "libc++";
				CLANG_ENABLE_MODULES = YES;
				CLANG_ENABLE_OBJC_ARC = YES;
				CLANG_ENABLE_OBJC_WEAK = YES;
				CLANG_WARN_BLOCK_CAPTURE_AUTORELEASING = YES;
				CLANG_WARN_BOOL_CONVERSION = YES;
				CLANG_WARN_COMMA = YES;
				CLANG_WARN_CONSTANT_CONVERSION = YES;
				CLANG_WARN_DEPRECATED_OBJC_IMPLEMENTATIONS = YES;
				CLANG_WARN_DIRECT_OBJC_ISA_USAGE = YES_ERROR;
				CLANG_WARN_DOCUMENTATION_COMMENTS = YES;
				CLANG_WARN_EMPTY_BODY = YES;
				CLANG_WARN_ENUM_CONVERSION = YES;
				CLANG_WARN_INFINITE_RECURSION = YES;
				CLANG_WARN_INT_CONVERSION = YES;
				CLANG_WARN_NON_LITERAL_NULL_CONVERSION = YES;
				CLANG_WARN_OBJC_IMPLICIT_RETAIN_SELF = YES;
				CLANG_WARN_OBJC_LITERAL_CONVERSION = YES;
				CLANG_WARN_OBJC_ROOT_CLASS = YES_ERROR;
				CLANG_WARN_QUOTED_INCLUDE_IN_FRAMEWORK_HEADER = YES;
				CLANG_WARN_RANGE_LOOP_ANALYSIS = YES;
				CLANG_WARN_STRICT_PROTOTYPES = YES;
				CLANG_WARN_SUSPICIOUS_MOVE = YES;
				CLANG_WARN_UNGUARDED_AVAILABILITY = YES_AGGRESSIVE;
				CLANG_WARN_UNREACHABLE_CODE = YES;
				CLANG_WARN__DUPLICATE_METHOD_MATCH = YES;
				COPY_PHASE_STRIP = NO;
				DEBUG_INFORMATION_FORMAT = "dwarf-with-dsym";
				ENABLE_NS_ASSERTIONS = NO;
				ENABLE_STRICT_OBJC_MSGSEND = YES;
				GCC_C_LANGUAGE_STANDARD = gnu11;
				GCC_NO_COMMON_BLOCKS = YES;
				GCC_WARN_64_TO_32_BIT_CONVERSION = YES;
				GCC_WARN_ABOUT_RETURN_TYPE = YES_ERROR;
				GCC_WARN_UNDECLARED_SELECTOR = YES;
				GCC_WARN_UNINITIALIZED_AUTOS = YES_AGGRESSIVE;
				GCC_WARN_UNUSED_FUNCTION = YES;
				GCC_WARN_UNUSED_VARIABLE = YES;
				IPHONEOS_DEPLOYMENT_TARGET = 15.0;
				MTL_ENABLE_DEBUG_INFO = NO;
				MTL_FAST_MATH = YES;
				SDKROOT = iphoneos;
				SWIFT_COMPILATION_MODE = wholemodule;
				SWIFT_OPTIMIZATION_LEVEL = "-O";
				VALIDATE_PRODUCT = YES;
			};
			name = Release;
		};
		B6B0D0E32A16176D000C1AF7 /* Debug */ = {
			isa = XCBuildConfiguration;
			buildSettings = {
				ASSETCATALOG_COMPILER_APPICON_NAME = AppIcon;
				ASSETCATALOG_COMPILER_GLOBAL_ACCENT_COLOR_NAME = AccentColor;
				CODE_SIGN_STYLE = Automatic;
				CURRENT_PROJECT_VERSION = 1;
				DEVELOPMENT_ASSET_PATHS = "\"Landmarks/Preview Content\"";
				DEVELOPMENT_TEAM = M85NJXLM4F;
				ENABLE_PREVIEWS = YES;
				GENERATE_INFOPLIST_FILE = YES;
				INFOPLIST_KEY_UIApplicationSceneManifest_Generation = YES;
				INFOPLIST_KEY_UIApplicationSupportsIndirectInputEvents = YES;
				INFOPLIST_KEY_UILaunchScreen_Generation = YES;
				INFOPLIST_KEY_UISupportedInterfaceOrientations_iPad = "UIInterfaceOrientationPortrait UIInterfaceOrientationPortraitUpsideDown UIInterfaceOrientationLandscapeLeft UIInterfaceOrientationLandscapeRight";
				INFOPLIST_KEY_UISupportedInterfaceOrientations_iPhone = "UIInterfaceOrientationPortrait UIInterfaceOrientationLandscapeLeft UIInterfaceOrientationLandscapeRight";
				LD_RUNPATH_SEARCH_PATHS = (
					"$(inherited)",
					"@executable_path/Frameworks",
				);
				MARKETING_VERSION = 1.0;
				PRODUCT_BUNDLE_IDENTIFIER = com.newtechieblog.wordpress.Landmarks;
				PRODUCT_NAME = "$(TARGET_NAME)";
				SWIFT_EMIT_LOC_STRINGS = YES;
				SWIFT_VERSION = 5.0;
				TARGETED_DEVICE_FAMILY = "1,2";
			};
			name = Debug;
		};
		B6B0D0E42A16176D000C1AF7 /* Release */ = {
			isa = XCBuildConfiguration;
			buildSettings = {
				ASSETCATALOG_COMPILER_APPICON_NAME = AppIcon;
				ASSETCATALOG_COMPILER_GLOBAL_ACCENT_COLOR_NAME = AccentColor;
				CODE_SIGN_STYLE = Automatic;
				CURRENT_PROJECT_VERSION = 1;
				DEVELOPMENT_ASSET_PATHS = "\"Landmarks/Preview Content\"";
				DEVELOPMENT_TEAM = M85NJXLM4F;
				ENABLE_PREVIEWS = YES;
				GENERATE_INFOPLIST_FILE = YES;
				INFOPLIST_KEY_UIApplicationSceneManifest_Generation = YES;
				INFOPLIST_KEY_UIApplicationSupportsIndirectInputEvents = YES;
				INFOPLIST_KEY_UILaunchScreen_Generation = YES;
				INFOPLIST_KEY_UISupportedInterfaceOrientations_iPad = "UIInterfaceOrientationPortrait UIInterfaceOrientationPortraitUpsideDown UIInterfaceOrientationLandscapeLeft UIInterfaceOrientationLandscapeRight";
				INFOPLIST_KEY_UISupportedInterfaceOrientations_iPhone = "UIInterfaceOrientationPortrait UIInterfaceOrientationLandscapeLeft UIInterfaceOrientationLandscapeRight";
				LD_RUNPATH_SEARCH_PATHS = (
					"$(inherited)",
					"@executable_path/Frameworks",
				);
				MARKETING_VERSION = 1.0;
				PRODUCT_BUNDLE_IDENTIFIER = com.newtechieblog.wordpress.Landmarks;
				PRODUCT_NAME = "$(TARGET_NAME)";
				SWIFT_EMIT_LOC_STRINGS = YES;
				SWIFT_VERSION = 5.0;
				TARGETED_DEVICE_FAMILY = "1,2";
			};
			name = Release;
		};
/* End XCBuildConfiguration section */

/* Begin XCConfigurationList section */
		B6B0D0CF2A16172F000C1AF7 /* Build configuration list for PBXProject "Landmarks" */ = {
			isa = XCConfigurationList;
			buildConfigurations = (
				B6B0D0E02A16176D000C1AF7 /* Debug */,
				B6B0D0E12A16176D000C1AF7 /* Release */,
			);
			defaultConfigurationIsVisible = 0;
			defaultConfigurationName = Release;
		};
		B6B0D0E22A16176D000C1AF7 /* Build configuration list for PBXNativeTarget "Landmarks" */ = {
			isa = XCConfigurationList;
			buildConfigurations = (
				B6B0D0E32A16176D000C1AF7 /* Debug */,
				B6B0D0E42A16176D000C1AF7 /* Release */,
			);
			defaultConfigurationIsVisible = 0;
			defaultConfigurationName = Release;
		};
/* End XCConfigurationList section */
	};
	rootObject = B6B0D0CC2A16172F000C1AF7 /* Project object */;
}
